
Microsoft Visual Studio Solution File, Format Version 12.00
Project("{FAE04EC0-301F-11D3-BF4B-00C04F79EFBC}") = "Argumenty", "Argumenty\Argumenty.csproj", "{CE0535A6-7FB8-48DA-937C-88D155DA6DCE}"
EndProject
Global
	GlobalSection(SolutionConfigurationPlatforms) = preSolution
		Debug|Any CPU = Debug|Any CPU
		Release|Any CPU = Release|Any CPU
	EndGlobalSection
	GlobalSection(ProjectConfigurationPlatforms) = postSolution
		{CE0535A6-7FB8-48DA-937C-88D155DA6DCE}.Debug|Any CPU.ActiveCfg = Debug|Any CPU
		{CE0535A6-7FB8-48DA-937C-88D155DA6DCE}.Debug|Any CPU.Build.0 = Debug|Any CPU
		{CE0535A6-7FB8-48DA-937C-88D155DA6DCE}.Release|Any CPU.ActiveCfg = Release|Any CPU
		{CE0535A6-7FB8-48DA-937C-88D155DA6DCE}.Release|Any CPU.Build.0 = Release|Any CPU
	EndGlobalSection
EndGlobal
